
Microsoft Visual Studio Solution File, Format Version 12.00
# Visual Studio Version 16
VisualStudioVersion = 16.0.31729.503
MinimumVisualStudioVersion = 10.0.40219.1
Project("{9A19103F-16F7-4668-BE54-9A1E7A4F7556}") = "Storage Master_first_stage", "Storage Master_first_stage\Storage Master_first_stage.csproj", "{097B79A6-2C11-4151-BD11-C5AFEAC18868}"
EndProject
Project("{FAE04EC0-301F-11D3-BF4B-00C04F79EFBC}") = "Storage Master_sec_stage", "Storage Master_sec_stage\Storage Master_sec_stage.csproj", "{2AF9BC2D-0AC3-4B6D-BAEF-AB9BDAF5FD8F}"
EndProject
Global
	GlobalSection(SolutionConfigurationPlatforms) = preSolution
		Debug|Any CPU = Debug|Any CPU
		Release|Any CPU = Release|Any CPU
	EndGlobalSection
	GlobalSection(ProjectConfigurationPlatforms) = postSolution
		{097B79A6-2C11-4151-BD11-C5AFEAC18868}.Debug|Any CPU.ActiveCfg = Debug|Any CPU
		{097B79A6-2C11-4151-BD11-C5AFEAC18868}.Debug|Any CPU.Build.0 = Debug|Any CPU
		{097B79A6-2C11-4151-BD11-C5AFEAC18868}.Release|Any CPU.ActiveCfg = Release|Any CPU
		{097B79A6-2C11-4151-BD11-C5AFEAC18868}.Release|Any CPU.Build.0 = Release|Any CPU
		{2AF9BC2D-0AC3-4B6D-BAEF-AB9BDAF5FD8F}.Debug|Any CPU.ActiveCfg = Debug|Any CPU
		{2AF9BC2D-0AC3-4B6D-BAEF-AB9BDAF5FD8F}.Debug|Any CPU.Build.0 = Debug|Any CPU
		{2AF9BC2D-0AC3-4B6D-BAEF-AB9BDAF5FD8F}.Release|Any CPU.ActiveCfg = Release|Any CPU
		{2AF9BC2D-0AC3-4B6D-BAEF-AB9BDAF5FD8F}.Release|Any CPU.Build.0 = Release|Any CPU
	EndGlobalSection
	GlobalSection(SolutionProperties) = preSolution
		HideSolutionNode = FALSE
	EndGlobalSection
	GlobalSection(ExtensibilityGlobals) = postSolution
		SolutionGuid = {99E8EE1C-EB80-4FFD-B8AB-BD26804FE7CD}
	EndGlobalSection
EndGlobal
